{
  "object": {
    "pins": [
      {
        "package": "swift-argument-parser",
        "repositoryURL": "https://github.com/apple/swift-argument-parser.git",
        "state": {
          "branch": null,
          "revision": "ca37474853a4b5f59a22c74bfdd449b1f6bc4cc2",
          "version": "1.8.1"
        }
      }
    ]
  },
  "version": 1
}
